
Microsoft Visual Studio Solution File, Format Version 12.00
# Visual Studio Version 17
VisualStudioVersion = 17.1.32319.34
MinimumVisualStudioVersion = 10.0.40219.1
Project("{FAE04EC0-301F-11D3-BF4B-00C04F79EFBC}") = "LottoAdatbazis", "LottoAdatbazis\LottoAdatbazis.csproj", "{93533FE3-8C7C-497C-B016-853908DAD61C}"
EndProject
Project("{FAE04EC0-301F-11D3-BF4B-00C04F79EFBC}") = "Importalas", "Importalas\Importalas.csproj", "{C334AD55-7240-41A5-9C14-7161E19DDB62}"
EndProject
Project("{FAE04EC0-301F-11D3-BF4B-00C04F79EFBC}") = "Szimulacio", "Szimulacio\Szimulacio.csproj", "{A4B1BDED-8D59-4DC5-AB5D-95F4D3AD08C3}"
EndProject
Global
	GlobalSection(SolutionConfigurationPlatforms) = preSolution
		Debug|Any CPU = Debug|Any CPU
		Release|Any CPU = Release|Any CPU
	EndGlobalSection
	GlobalSection(ProjectConfigurationPlatforms) = postSolution
		{93533FE3-8C7C-497C-B016-853908DAD61C}.Debug|Any CPU.ActiveCfg = Debug|Any CPU
		{93533FE3-8C7C-497C-B016-853908DAD61C}.Debug|Any CPU.Build.0 = Debug|Any CPU
		{93533FE3-8C7C-497C-B016-853908DAD61C}.Release|Any CPU.ActiveCfg = Release|Any CPU
		{93533FE3-8C7C-497C-B016-853908DAD61C}.Release|Any CPU.Build.0 = Release|Any CPU
		{C334AD55-7240-41A5-9C14-7161E19DDB62}.Debug|Any CPU.ActiveCfg = Debug|Any CPU
		{C334AD55-7240-41A5-9C14-7161E19DDB62}.Debug|Any CPU.Build.0 = Debug|Any CPU
		{C334AD55-7240-41A5-9C14-7161E19DDB62}.Release|Any CPU.ActiveCfg = Release|Any CPU
		{C334AD55-7240-41A5-9C14-7161E19DDB62}.Release|Any CPU.Build.0 = Release|Any CPU
		{A4B1BDED-8D59-4DC5-AB5D-95F4D3AD08C3}.Debug|Any CPU.ActiveCfg = Debug|Any CPU
		{A4B1BDED-8D59-4DC5-AB5D-95F4D3AD08C3}.Debug|Any CPU.Build.0 = Debug|Any CPU
		{A4B1BDED-8D59-4DC5-AB5D-95F4D3AD08C3}.Release|Any CPU.ActiveCfg = Release|Any CPU
		{A4B1BDED-8D59-4DC5-AB5D-95F4D3AD08C3}.Release|Any CPU.Build.0 = Release|Any CPU
	EndGlobalSection
	GlobalSection(SolutionProperties) = preSolution
		HideSolutionNode = FALSE
	EndGlobalSection
	GlobalSection(ExtensibilityGlobals) = postSolution
		SolutionGuid = {E34F8C9A-52DA-4E6C-ADF1-BE2C1944A9C2}
	EndGlobalSection
EndGlobal
